
Microsoft Visual Studio Solution File, Format Version 12.00
# Visual Studio 15
VisualStudioVersion = 15.0.27428.2002
MinimumVisualStudioVersion = 10.0.40219.1
Project("{8BC9CEB8-8B4A-11D0-8D11-00A0C91BC942}") = "idcheck", "idcheck\idcheck.vcxproj", "{62AE61CB-C552-4A4E-BAB2-C9BD473EC862}"
EndProject
Global
	GlobalSection(SolutionConfigurationPlatforms) = preSolution
		Debug|x64 = Debug|x64
		Debug|x86 = Debug|x86
		Release|x64 = Release|x64
		Release|x86 = Release|x86
	EndGlobalSection
	GlobalSection(ProjectConfigurationPlatforms) = postSolution
		{62AE61CB-C552-4A4E-BAB2-C9BD473EC862}.Debug|x64.ActiveCfg = Debug|x64
		{62AE61CB-C552-4A4E-BAB2-C9BD473EC862}.Debug|x64.Build.0 = Debug|x64
		{62AE61CB-C552-4A4E-BAB2-C9BD473EC862}.Debug|x86.ActiveCfg = Debug|Win32
		{62AE61CB-C552-4A4E-BAB2-C9BD473EC862}.Debug|x86.Build.0 = Debug|Win32
		{62AE61CB-C552-4A4E-BAB2-C9BD473EC862}.Release|x64.ActiveCfg = Release|x64
		{62AE61CB-C552-4A4E-BAB2-C9BD473EC862}.Release|x64.Build.0 = Release|x64
		{62AE61CB-C552-4A4E-BAB2-C9BD473EC862}.Release|x86.ActiveCfg = Release|Win32
		{62AE61CB-C552-4A4E-BAB2-C9BD473EC862}.Release|x86.Build.0 = Release|Win32
	EndGlobalSection
	GlobalSection(SolutionProperties) = preSolution
		HideSolutionNode = FALSE
	EndGlobalSection
	GlobalSection(ExtensibilityGlobals) = postSolution
		SolutionGuid = {E958B9D1-C05F-4479-8375-EC67DFD18149}
	EndGlobalSection
EndGlobal
